
Microsoft Visual Studio Solution File, Format Version 12.00
# Visual Studio Version 16
VisualStudioVersion = 16.0.29418.71
MinimumVisualStudioVersion = 10.0.40219.1
Project("{FAE04EC0-301F-11D3-BF4B-00C04F79EFBC}") = "ExpandableListTest.Android", "ExpandableListTest\ExpandableListTest.Android\ExpandableListTest.Android.csproj", "{ACE4134A-EACF-4F2D-8E00-B04901C7811C}"
EndProject
Project("{FAE04EC0-301F-11D3-BF4B-00C04F79EFBC}") = "ExpandableListTest.iOS", "ExpandableListTest\ExpandableListTest.iOS\ExpandableListTest.iOS.csproj", "{92E3D658-805E-4BEE-8B7B-CF488476046C}"
EndProject
Project("{FAE04EC0-301F-11D3-BF4B-00C04F79EFBC}") = "ExpandableListTest", "ExpandableListTest\ExpandableListTest\ExpandableListTest.csproj", "{F67B79E2-CF7A-4893-B5A6-DFBB98DCE416}"
EndProject
Global
	GlobalSection(SolutionConfigurationPlatforms) = preSolution
		Debug|Any CPU = Debug|Any CPU
		Debug|iPhone = Debug|iPhone
		Debug|iPhoneSimulator = Debug|iPhoneSimulator
		Release|Any CPU = Release|Any CPU
		Release|iPhone = Release|iPhone
		Release|iPhoneSimulator = Release|iPhoneSimulator
	EndGlobalSection
	GlobalSection(ProjectConfigurationPlatforms) = postSolution
		{ACE4134A-EACF-4F2D-8E00-B04901C7811C}.Debug|Any CPU.ActiveCfg = Debug|Any CPU
		{ACE4134A-EACF-4F2D-8E00-B04901C7811C}.Debug|Any CPU.Build.0 = Debug|Any CPU
		{ACE4134A-EACF-4F2D-8E00-B04901C7811C}.Debug|Any CPU.Deploy.0 = Debug|Any CPU
		{ACE4134A-EACF-4F2D-8E00-B04901C7811C}.Debug|iPhone.ActiveCfg = Debug|Any CPU
		{ACE4134A-EACF-4F2D-8E00-B04901C7811C}.Debug|iPhone.Build.0 = Debug|Any CPU
		{ACE4134A-EACF-4F2D-8E00-B04901C7811C}.Debug|iPhone.Deploy.0 = Debug|Any CPU
		{ACE4134A-EACF-4F2D-8E00-B04901C7811C}.Debug|iPhoneSimulator.ActiveCfg = Debug|Any CPU
		{ACE4134A-EACF-4F2D-8E00-B04901C7811C}.Debug|iPhoneSimulator.Build.0 = Debug|Any CPU
		{ACE4134A-EACF-4F2D-8E00-B04901C7811C}.Debug|iPhoneSimulator.Deploy.0 = Debug|Any CPU
		{ACE4134A-EACF-4F2D-8E00-B04901C7811C}.Release|Any CPU.ActiveCfg = Release|Any CPU
		{ACE4134A-EACF-4F2D-8E00-B04901C7811C}.Release|Any CPU.Build.0 = Release|Any CPU
		{ACE4134A-EACF-4F2D-8E00-B04901C7811C}.Release|Any CPU.Deploy.0 = Release|Any CPU
		{ACE4134A-EACF-4F2D-8E00-B04901C7811C}.Release|iPhone.ActiveCfg = Release|Any CPU
		{ACE4134A-EACF-4F2D-8E00-B04901C7811C}.Release|iPhone.Build.0 = Release|Any CPU
		{ACE4134A-EACF-4F2D-8E00-B04901C7811C}.Release|iPhone.Deploy.0 = Release|Any CPU
		{ACE4134A-EACF-4F2D-8E00-B04901C7811C}.Release|iPhoneSimulator.ActiveCfg = Release|Any CPU
		{ACE4134A-EACF-4F2D-8E00-B04901C7811C}.Release|iPhoneSimulator.Build.0 = Release|Any CPU
		{ACE4134A-EACF-4F2D-8E00-B04901C7811C}.Release|iPhoneSimulator.Deploy.0 = Release|Any CPU
		{92E3D658-805E-4BEE-8B7B-CF488476046C}.Debug|Any CPU.ActiveCfg = Debug|iPhoneSimulator
		{92E3D658-805E-4BEE-8B7B-CF488476046C}.Debug|Any CPU.Build.0 = Debug|iPhoneSimulator
		{92E3D658-805E-4BEE-8B7B-CF488476046C}.Debug|Any CPU.Deploy.0 = Debug|iPhoneSimulator
		{92E3D658-805E-4BEE-8B7B-CF488476046C}.Debug|iPhone.ActiveCfg = Debug|iPhone
		{92E3D658-805E-4BEE-8B7B-CF488476046C}.Debug|iPhone.Build.0 = Debug|iPhone
		{92E3D658-805E-4BEE-8B7B-CF488476046C}.Debug|iPhone.Deploy.0 = Debug|iPhone
		{92E3D658-805E-4BEE-8B7B-CF488476046C}.Debug|iPhoneSimulator.ActiveCfg = Debug|iPhoneSimulator
		{92E3D658-805E-4BEE-8B7B-CF488476046C}.Debug|iPhoneSimulator.Build.0 = Debug|iPhoneSimulator
		{92E3D658-805E-4BEE-8B7B-CF488476046C}.Debug|iPhoneSimulator.Deploy.0 = Debug|iPhoneSimulator
		{92E3D658-805E-4BEE-8B7B-CF488476046C}.Release|Any CPU.ActiveCfg = Release|iPhone
		{92E3D658-805E-4BEE-8B7B-CF488476046C}.Release|Any CPU.Build.0 = Release|iPhone
		{92E3D658-805E-4BEE-8B7B-CF488476046C}.Release|Any CPU.Deploy.0 = Release|iPhone
		{92E3D658-805E-4BEE-8B7B-CF488476046C}.Release|iPhone.ActiveCfg = Release|iPhone
		{92E3D658-805E-4BEE-8B7B-CF488476046C}.Release|iPhone.Build.0 = Release|iPhone
		{92E3D658-805E-4BEE-8B7B-CF488476046C}.Release|iPhone.Deploy.0 = Release|iPhone
		{92E3D658-805E-4BEE-8B7B-CF488476046C}.Release|iPhoneSimulator.ActiveCfg = Release|iPhoneSimulator
		{92E3D658-805E-4BEE-8B7B-CF488476046C}.Release|iPhoneSimulator.Build.0 = Release|iPhoneSimulator
		{92E3D658-805E-4BEE-8B7B-CF488476046C}.Release|iPhoneSimulator.Deploy.0 = Release|iPhoneSimulator
		{F67B79E2-CF7A-4893-B5A6-DFBB98DCE416}.Debug|Any CPU.ActiveCfg = Debug|Any CPU
		{F67B79E2-CF7A-4893-B5A6-DFBB98DCE416}.Debug|Any CPU.Build.0 = Debug|Any CPU
		{F67B79E2-CF7A-4893-B5A6-DFBB98DCE416}.Debug|Any CPU.Deploy.0 = Debug|Any CPU
		{F67B79E2-CF7A-4893-B5A6-DFBB98DCE416}.Debug|iPhone.ActiveCfg = Debug|Any CPU
		{F67B79E2-CF7A-4893-B5A6-DFBB98DCE416}.Debug|iPhone.Build.0 = Debug|Any CPU
		{F67B79E2-CF7A-4893-B5A6-DFBB98DCE416}.Debug|iPhone.Deploy.0 = Debug|Any CPU
		{F67B79E2-CF7A-4893-B5A6-DFBB98DCE416}.Debug|iPhoneSimulator.ActiveCfg = Debug|Any CPU
		{F67B79E2-CF7A-4893-B5A6-DFBB98DCE416}.Debug|iPhoneSimulator.Build.0 = Debug|Any CPU
		{F67B79E2-CF7A-4893-B5A6-DFBB98DCE416}.Debug|iPhoneSimulator.Deploy.0 = Debug|Any CPU
		{F67B79E2-CF7A-4893-B5A6-DFBB98DCE416}.Release|Any CPU.ActiveCfg = Release|Any CPU
		{F67B79E2-CF7A-4893-B5A6-DFBB98DCE416}.Release|Any CPU.Build.0 = Release|Any CPU
		{F67B79E2-CF7A-4893-B5A6-DFBB98DCE416}.Release|Any CPU.Deploy.0 = Release|Any CPU
		{F67B79E2-CF7A-4893-B5A6-DFBB98DCE416}.Release|iPhone.ActiveCfg = Release|Any CPU
		{F67B79E2-CF7A-4893-B5A6-DFBB98DCE416}.Release|iPhone.Build.0 = Release|Any CPU
		{F67B79E2-CF7A-4893-B5A6-DFBB98DCE416}.Release|iPhone.Deploy.0 = Release|Any CPU
		{F67B79E2-CF7A-4893-B5A6-DFBB98DCE416}.Release|iPhoneSimulator.ActiveCfg = Release|Any CPU
		{F67B79E2-CF7A-4893-B5A6-DFBB98DCE416}.Release|iPhoneSimulator.Build.0 = Release|Any CPU
		{F67B79E2-CF7A-4893-B5A6-DFBB98DCE416}.Release|iPhoneSimulator.Deploy.0 = Release|Any CPU
	EndGlobalSection
	GlobalSection(SolutionProperties) = preSolution
		HideSolutionNode = FALSE
	EndGlobalSection
	GlobalSection(ExtensibilityGlobals) = postSolution
		SolutionGuid = {D6289774-65B4-4176-9F62-B94D8DFE8114}
	EndGlobalSection
EndGlobal
